{
  "name": "SportLite",
  "lockfileVersion": 3,
  "requires": true,
  "packages": {
    "": {
      "dependencies": {
        "chrome-types": "^0.1.320"
      }
    },
    "node_modules/chrome-types": {
      "version": "0.1.320",
      "resolved": "https://registry.npmjs.org/chrome-types/-/chrome-types-0.1.320.tgz",
      "integrity": "sha512-3kxJHZu3cm7JvGITK72XrNzHmFOGEfc1GG8NLM0lnH4mU4ZvFj6PzkzE0g8Dl5ede23Q6k57YV3NzOcXL4piCw==",
      "license": "Apache-2.0"
    }
  }
}
